
Microsoft Visual Studio Solution File, Format Version 12.00
# Visual Studio Version 16
VisualStudioVersion = 16.0.30503.244
MinimumVisualStudioVersion = 10.0.40219.1
Project("{FAE04EC0-301F-11D3-BF4B-00C04F79EFBC}") = "AppScreens", "AppScreens\AppScreens.csproj", "{49C387AB-3E71-454E-9DF2-C22233B476A9}"
EndProject
Project("{9A19103F-16F7-4668-BE54-9A1E7A4F7556}") = "CaptureSampleCore", "ScreenCapture\CaptureSampleCore\CaptureSampleCore.csproj", "{807AE353-4791-48EB-9555-DDC729B43F3B}"
EndProject
Project("{9A19103F-16F7-4668-BE54-9A1E7A4F7556}") = "Composition.WindowsRuntimeHelpers", "ScreenCapture\Composition.WindowsRuntimeHelpers\Composition.WindowsRuntimeHelpers.csproj", "{6E5EC360-676F-4F4A-8E8C-766050A9E949}"
EndProject
Global
	GlobalSection(SolutionConfigurationPlatforms) = preSolution
		Debug|Any CPU = Debug|Any CPU
		Release|Any CPU = Release|Any CPU
	EndGlobalSection
	GlobalSection(ProjectConfigurationPlatforms) = postSolution
		{49C387AB-3E71-454E-9DF2-C22233B476A9}.Debug|Any CPU.ActiveCfg = Debug|Any CPU
		{49C387AB-3E71-454E-9DF2-C22233B476A9}.Debug|Any CPU.Build.0 = Debug|Any CPU
		{49C387AB-3E71-454E-9DF2-C22233B476A9}.Release|Any CPU.ActiveCfg = Release|Any CPU
		{49C387AB-3E71-454E-9DF2-C22233B476A9}.Release|Any CPU.Build.0 = Release|Any CPU
		{807AE353-4791-48EB-9555-DDC729B43F3B}.Debug|Any CPU.ActiveCfg = Debug|Any CPU
		{807AE353-4791-48EB-9555-DDC729B43F3B}.Debug|Any CPU.Build.0 = Debug|Any CPU
		{807AE353-4791-48EB-9555-DDC729B43F3B}.Release|Any CPU.ActiveCfg = Release|Any CPU
		{807AE353-4791-48EB-9555-DDC729B43F3B}.Release|Any CPU.Build.0 = Release|Any CPU
		{6E5EC360-676F-4F4A-8E8C-766050A9E949}.Debug|Any CPU.ActiveCfg = Debug|Any CPU
		{6E5EC360-676F-4F4A-8E8C-766050A9E949}.Debug|Any CPU.Build.0 = Debug|Any CPU
		{6E5EC360-676F-4F4A-8E8C-766050A9E949}.Release|Any CPU.ActiveCfg = Release|Any CPU
		{6E5EC360-676F-4F4A-8E8C-766050A9E949}.Release|Any CPU.Build.0 = Release|Any CPU
	EndGlobalSection
	GlobalSection(SolutionProperties) = preSolution
		HideSolutionNode = FALSE
	EndGlobalSection
	GlobalSection(ExtensibilityGlobals) = postSolution
		SolutionGuid = {F4E82BC0-B9B4-4A3B-932F-2EAFC74D38AA}
	EndGlobalSection
EndGlobal
